// !$*UTF8*$!
{
	archiveVersion = 1;
	classes = {
	};
	objectVersion = 56;
	objects = {

/* Begin PBXBuildFile section */
		1A12759F2A3D126900187595 /* NearPlacesView.swift in Sources */ = {isa = PBXBuildFile; fileRef = 1A12759E2A3D126900187595 /* NearPlacesView.swift */; };
		1A1275A22A3D1E2200187595 /* Place.swift in Sources */ = {isa = PBXBuildFile; fileRef = 1A1275A12A3D1E2200187595 /* Place.swift */; };
		1A1275A42A3D1F9000187595 /* NearPlaceRow.swift in Sources */ = {isa = PBXBuildFile; fileRef = 1A1275A32A3D1F9000187595 /* NearPlaceRow.swift */; };
		1A1275A62A3D258B00187595 /* Footer.swift in Sources */ = {isa = PBXBuildFile; fileRef = 1A1275A52A3D258B00187595 /* Footer.swift */; };
		1A1275AE2A3D33E900187595 /* PlaceAddressView.swift in Sources */ = {isa = PBXBuildFile; fileRef = 1A1275AD2A3D33E900187595 /* PlaceAddressView.swift */; };
		1A1275B02A3D367300187595 /* ProfileView.swift in Sources */ = {isa = PBXBuildFile; fileRef = 1A1275AF2A3D367300187595 /* ProfileView.swift */; };
		1A1275B22A3D369400187595 /* AboutTheAppView.swift in Sources */ = {isa = PBXBuildFile; fileRef = 1A1275B12A3D369400187595 /* AboutTheAppView.swift */; };
		1A1735992A3B93D5006D713C /* ForaLifeApp.swift in Sources */ = {isa = PBXBuildFile; fileRef = 1A1735982A3B93D5006D713C /* ForaLifeApp.swift */; };
		1A17359D2A3B93D6006D713C /* Assets.xcassets in Resources */ = {isa = PBXBuildFile; fileRef = 1A17359C2A3B93D6006D713C /* Assets.xcassets */; };
		1A1735A02A3B93D6006D713C /* Preview Assets.xcassets in Resources */ = {isa = PBXBuildFile; fileRef = 1A17359F2A3B93D6006D713C /* Preview Assets.xcassets */; };
		1A1735AA2A3B93D7006D713C /* ForaLifeTests.swift in Sources */ = {isa = PBXBuildFile; fileRef = 1A1735A92A3B93D7006D713C /* ForaLifeTests.swift */; };
		1A1735B42A3B93D7006D713C /* ForaLifeUITests.swift in Sources */ = {isa = PBXBuildFile; fileRef = 1A1735B32A3B93D7006D713C /* ForaLifeUITests.swift */; };
		1A1735B62A3B93D7006D713C /* ForaLifeUITestsLaunchTests.swift in Sources */ = {isa = PBXBuildFile; fileRef = 1A1735B52A3B93D7006D713C /* ForaLifeUITestsLaunchTests.swift */; };
		1A1735C52A3B94AA006D713C /* InitialView.swift in Sources */ = {isa = PBXBuildFile; fileRef = 1A1735C42A3B94AA006D713C /* InitialView.swift */; };
		1A1735C72A3B9505006D713C /* RegisterView.swift in Sources */ = {isa = PBXBuildFile; fileRef = 1A1735C62A3B9505006D713C /* RegisterView.swift */; };
		1A2B855C2A421D3800CDBE9D /* CurrentLocationManager.swift in Sources */ = {isa = PBXBuildFile; fileRef = 1A2B855B2A421D3800CDBE9D /* CurrentLocationManager.swift */; };
		1A2B855E2A421D5800CDBE9D /* NearPlacesManager.swift in Sources */ = {isa = PBXBuildFile; fileRef = 1A2B855D2A421D5800CDBE9D /* NearPlacesManager.swift */; };
		1A2B85602A421D8000CDBE9D /* SearchLoctionManager.swift in Sources */ = {isa = PBXBuildFile; fileRef = 1A2B855F2A421D8000CDBE9D /* SearchLoctionManager.swift */; };
		1A2B85632A421DD100CDBE9D /* AddressLocation.swift in Sources */ = {isa = PBXBuildFile; fileRef = 1A2B85622A421DD100CDBE9D /* AddressLocation.swift */; };
		1A2B85662A421EF700CDBE9D /* Alamofire in Frameworks */ = {isa = PBXBuildFile; productRef = 1A2B85652A421EF700CDBE9D /* Alamofire */; };
		1A7CCCB22A43E68B0003E2E2 /* DirectionsManager.swift in Sources */ = {isa = PBXBuildFile; fileRef = 1A7CCCB12A43E68B0003E2E2 /* DirectionsManager.swift */; };
		1A7F20ED2A428CEA00E66342 /* MySQLManager.swift in Sources */ = {isa = PBXBuildFile; fileRef = 1A7F20EC2A428CEA00E66342 /* MySQLManager.swift */; };
		1AA30FA82A44DC6A0027ED1B /* RegisterManager.swift in Sources */ = {isa = PBXBuildFile; fileRef = 1AA30FA72A44DC6A0027ED1B /* RegisterManager.swift */; };
		1AA5B5552A3BC72D0043D93F /* MainMenuView.swift in Sources */ = {isa = PBXBuildFile; fileRef = 1AA5B5542A3BC72D0043D93F /* MainMenuView.swift */; };
		1AC6A6A12A4225370085E82E /* adressLocationManager.swift in Sources */ = {isa = PBXBuildFile; fileRef = 1AC6A6A02A4225370085E82E /* adressLocationManager.swift */; };
/* End PBXBuildFile section */

/* Begin PBXContainerItemProxy section */
		1A1735A62A3B93D6006D713C /* PBXContainerItemProxy */ = {
			isa = PBXContainerItemProxy;
			containerPortal = 1A17358D2A3B93D5006D713C /* Project object */;
			proxyType = 1;
			remoteGlobalIDString = 1A1735942A3B93D5006D713C;
			remoteInfo = ForaLife;
		};
		1A1735B02A3B93D7006D713C /* PBXContainerItemProxy */ = {
			isa = PBXContainerItemProxy;
			containerPortal = 1A17358D2A3B93D5006D713C /* Project object */;
			proxyType = 1;
			remoteGlobalIDString = 1A1735942A3B93D5006D713C;
			remoteInfo = ForaLife;
		};
/* End PBXContainerItemProxy section */

/* Begin PBXFileReference section */
		1A12759E2A3D126900187595 /* NearPlacesView.swift */ = {isa = PBXFileReference; lastKnownFileType = sourcecode.swift; path = NearPlacesView.swift; sourceTree = "<group>"; };
		1A1275A12A3D1E2200187595 /* Place.swift */ = {isa = PBXFileReference; lastKnownFileType = sourcecode.swift; path = Place.swift; sourceTree = "<group>"; };
		1A1275A32A3D1F9000187595 /* NearPlaceRow.swift */ = {isa = PBXFileReference; lastKnownFileType = sourcecode.swift; path = NearPlaceRow.swift; sourceTree = "<group>"; };
		1A1275A52A3D258B00187595 /* Footer.swift */ = {isa = PBXFileReference; lastKnownFileType = sourcecode.swift; path = Footer.swift; sourceTree = "<group>"; };
		1A1275AD2A3D33E900187595 /* PlaceAddressView.swift */ = {isa = PBXFileReference; lastKnownFileType = sourcecode.swift; path = PlaceAddressView.swift; sourceTree = "<group>"; };
		1A1275AF2A3D367300187595 /* ProfileView.swift */ = {isa = PBXFileReference; lastKnownFileType = sourcecode.swift; path = ProfileView.swift; sourceTree = "<group>"; };
		1A1275B12A3D369400187595 /* AboutTheAppView.swift */ = {isa = PBXFileReference; lastKnownFileType = sourcecode.swift; path = AboutTheAppView.swift; sourceTree = "<group>"; };
		1A1735952A3B93D5006D713C /* ForaLife.app */ = {isa = PBXFileReference; explicitFileType = wrapper.application; includeInIndex = 0; path = ForaLife.app; sourceTree = BUILT_PRODUCTS_DIR; };
		1A1735982A3B93D5006D713C /* ForaLifeApp.swift */ = {isa = PBXFileReference; lastKnownFileType = sourcecode.swift; path = ForaLifeApp.swift; sourceTree = "<group>"; };
		1A17359C2A3B93D6006D713C /* Assets.xcassets */ = {isa = PBXFileReference; lastKnownFileType = folder.assetcatalog; path = Assets.xcassets; sourceTree = "<group>"; };
		1A17359F2A3B93D6006D713C /* Preview Assets.xcassets */ = {isa = PBXFileReference; lastKnownFileType = folder.assetcatalog; path = "Preview Assets.xcassets"; sourceTree = "<group>"; };
		1A1735A52A3B93D6006D713C /* ForaLifeTests.xctest */ = {isa = PBXFileReference; explicitFileType = wrapper.cfbundle; includeInIndex = 0; path = ForaLifeTests.xctest; sourceTree = BUILT_PRODUCTS_DIR; };
		1A1735A92A3B93D7006D713C /* ForaLifeTests.swift */ = {isa = PBXFileReference; lastKnownFileType = sourcecode.swift; path = ForaLifeTests.swift; sourceTree = "<group>"; };
		1A1735AF2A3B93D7006D713C /* ForaLifeUITests.xctest */ = {isa = PBXFileReference; explicitFileType = wrapper.cfbundle; includeInIndex = 0; path = ForaLifeUITests.xctest; sourceTree = BUILT_PRODUCTS_DIR; };
		1A1735B32A3B93D7006D713C /* ForaLifeUITests.swift */ = {isa = PBXFileReference; lastKnownFileType = sourcecode.swift; path = ForaLifeUITests.swift; sourceTree = "<group>"; };
		1A1735B52A3B93D7006D713C /* ForaLifeUITestsLaunchTests.swift */ = {isa = PBXFileReference; lastKnownFileType = sourcecode.swift; path = ForaLifeUITestsLaunchTests.swift; sourceTree = "<group>"; };
		1A1735C42A3B94AA006D713C /* InitialView.swift */ = {isa = PBXFileReference; lastKnownFileType = sourcecode.swift; path = InitialView.swift; sourceTree = "<group>"; };
		1A1735C62A3B9505006D713C /* RegisterView.swift */ = {isa = PBXFileReference; lastKnownFileType = sourcecode.swift; path = RegisterView.swift; sourceTree = "<group>"; };
		1A2B855B2A421D3800CDBE9D /* CurrentLocationManager.swift */ = {isa = PBXFileReference; lastKnownFileType = sourcecode.swift; path = CurrentLocationManager.swift; sourceTree = "<group>"; };
		1A2B855D2A421D5800CDBE9D /* NearPlacesManager.swift */ = {isa = PBXFileReference; lastKnownFileType = sourcecode.swift; path = NearPlacesManager.swift; sourceTree = "<group>"; };
		1A2B855F2A421D8000CDBE9D /* SearchLoctionManager.swift */ = {isa = PBXFileReference; lastKnownFileType = sourcecode.swift; path = SearchLoctionManager.swift; sourceTree = "<group>"; };
		1A2B85622A421DD100CDBE9D /* AddressLocation.swift */ = {isa = PBXFileReference; lastKnownFileType = sourcecode.swift; path = AddressLocation.swift; sourceTree = "<group>"; };
		1A7CCCB12A43E68B0003E2E2 /* DirectionsManager.swift */ = {isa = PBXFileReference; lastKnownFileType = sourcecode.swift; path = DirectionsManager.swift; sourceTree = "<group>"; };
		1A7F20EC2A428CEA00E66342 /* MySQLManager.swift */ = {isa = PBXFileReference; lastKnownFileType = sourcecode.swift; path = MySQLManager.swift; sourceTree = "<group>"; };
		1AA30FA72A44DC6A0027ED1B /* RegisterManager.swift */ = {isa = PBXFileReference; lastKnownFileType = sourcecode.swift; path = RegisterManager.swift; sourceTree = "<group>"; };
		1AA5B5542A3BC72D0043D93F /* MainMenuView.swift */ = {isa = PBXFileReference; lastKnownFileType = sourcecode.swift; path = MainMenuView.swift; sourceTree = "<group>"; };
		1AC6A6A02A4225370085E82E /* adressLocationManager.swift */ = {isa = PBXFileReference; lastKnownFileType = sourcecode.swift; path = adressLocationManager.swift; sourceTree = "<group>"; };
/* End PBXFileReference section */

/* Begin PBXFrameworksBuildPhase section */
		1A1735922A3B93D5006D713C /* Frameworks */ = {
			isa = PBXFrameworksBuildPhase;
			buildActionMask = 2147483647;
			files = (
				1A2B85662A421EF700CDBE9D /* Alamofire in Frameworks */,
			);
			runOnlyForDeploymentPostprocessing = 0;
		};
		1A1735A22A3B93D6006D713C /* Frameworks */ = {
			isa = PBXFrameworksBuildPhase;
			buildActionMask = 2147483647;
			files = (
			);
			runOnlyForDeploymentPostprocessing = 0;
		};
		1A1735AC2A3B93D7006D713C /* Frameworks */ = {
			isa = PBXFrameworksBuildPhase;
			buildActionMask = 2147483647;
			files = (
			);
			runOnlyForDeploymentPostprocessing = 0;
		};
/* End PBXFrameworksBuildPhase section */

/* Begin PBXGroup section */
		1A1275A02A3D1E0E00187595 /* Data */ = {
			isa = PBXGroup;
			children = (
				1A1275A12A3D1E2200187595 /* Place.swift */,
				1A2B85622A421DD100CDBE9D /* AddressLocation.swift */,
			);
			path = Data;
			sourceTree = "<group>";
		};
		1A17358C2A3B93D5006D713C = {
			isa = PBXGroup;
			children = (
				1A1735972A3B93D5006D713C /* ForaLife */,
				1A1735A82A3B93D6006D713C /* ForaLifeTests */,
				1A1735B22A3B93D7006D713C /* ForaLifeUITests */,
				1A1735962A3B93D5006D713C /* Products */,
			);
			sourceTree = "<group>";
		};
		1A1735962A3B93D5006D713C /* Products */ = {
			isa = PBXGroup;
			children = (
				1A1735952A3B93D5006D713C /* ForaLife.app */,
				1A1735A52A3B93D6006D713C /* ForaLifeTests.xctest */,
				1A1735AF2A3B93D7006D713C /* ForaLifeUITests.xctest */,
			);
			name = Products;
			sourceTree = "<group>";
		};
		1A1735972A3B93D5006D713C /* ForaLife */ = {
			isa = PBXGroup;
			children = (
				1A1735982A3B93D5006D713C /* ForaLifeApp.swift */,
				1A1275A02A3D1E0E00187595 /* Data */,
				1A2B855A2A421D1200CDBE9D /* Managers */,
				1A1735C22A3B93EC006D713C /* Views */,
				1A17359C2A3B93D6006D713C /* Assets.xcassets */,
				1A17359E2A3B93D6006D713C /* Preview Content */,
			);
			path = ForaLife;
			sourceTree = "<group>";
		};
		1A17359E2A3B93D6006D713C /* Preview Content */ = {
			isa = PBXGroup;
			children = (
				1A17359F2A3B93D6006D713C /* Preview Assets.xcassets */,
			);
			path = "Preview Content";
			sourceTree = "<group>";
		};
		1A1735A82A3B93D6006D713C /* ForaLifeTests */ = {
			isa = PBXGroup;
			children = (
				1A1735A92A3B93D7006D713C /* ForaLifeTests.swift */,
			);
			path = ForaLifeTests;
			sourceTree = "<group>";
		};
		1A1735B22A3B93D7006D713C /* ForaLifeUITests */ = {
			isa = PBXGroup;
			children = (
				1A1735B32A3B93D7006D713C /* ForaLifeUITests.swift */,
				1A1735B52A3B93D7006D713C /* ForaLifeUITestsLaunchTests.swift */,
			);
			path = ForaLifeUITests;
			sourceTree = "<group>";
		};
		1A1735C22A3B93EC006D713C /* Views */ = {
			isa = PBXGroup;
			children = (
				1A1735C42A3B94AA006D713C /* InitialView.swift */,
				1A1735C62A3B9505006D713C /* RegisterView.swift */,
				1AA5B5542A3BC72D0043D93F /* MainMenuView.swift */,
				1A12759E2A3D126900187595 /* NearPlacesView.swift */,
				1A1275A32A3D1F9000187595 /* NearPlaceRow.swift */,
				1A1275A52A3D258B00187595 /* Footer.swift */,
				1A1275AD2A3D33E900187595 /* PlaceAddressView.swift */,
				1A1275AF2A3D367300187595 /* ProfileView.swift */,
				1A1275B12A3D369400187595 /* AboutTheAppView.swift */,
			);
			path = Views;
			sourceTree = "<group>";
		};
		1A2B855A2A421D1200CDBE9D /* Managers */ = {
			isa = PBXGroup;
			children = (
				1A2B855B2A421D3800CDBE9D /* CurrentLocationManager.swift */,
				1A2B855D2A421D5800CDBE9D /* NearPlacesManager.swift */,
				1A2B855F2A421D8000CDBE9D /* SearchLoctionManager.swift */,
				1AC6A6A02A4225370085E82E /* adressLocationManager.swift */,
				1A7F20EC2A428CEA00E66342 /* MySQLManager.swift */,
				1A7CCCB12A43E68B0003E2E2 /* DirectionsManager.swift */,
				1AA30FA72A44DC6A0027ED1B /* RegisterManager.swift */,
			);
			path = Managers;
			sourceTree = "<group>";
		};
/* End PBXGroup section */

/* Begin PBXNativeTarget section */
		1A1735942A3B93D5006D713C /* ForaLife */ = {
			isa = PBXNativeTarget;
			buildConfigurationList = 1A1735B92A3B93D7006D713C /* Build configuration list for PBXNativeTarget "ForaLife" */;
			buildPhases = (
				1A1735912A3B93D5006D713C /* Sources */,
				1A1735922A3B93D5006D713C /* Frameworks */,
				1A1735932A3B93D5006D713C /* Resources */,
			);
			buildRules = (
			);
			dependencies = (
			);
			name = ForaLife;
			packageProductDependencies = (
				1A2B85652A421EF700CDBE9D /* Alamofire */,
			);
			productName = ForaLife;
			productReference = 1A1735952A3B93D5006D713C /* ForaLife.app */;
			productType = "com.apple.product-type.application";
		};
		1A1735A42A3B93D6006D713C /* ForaLifeTests */ = {
			isa = PBXNativeTarget;
			buildConfigurationList = 1A1735BC2A3B93D7006D713C /* Build configuration list for PBXNativeTarget "ForaLifeTests" */;
			buildPhases = (
				1A1735A12A3B93D6006D713C /* Sources */,
				1A1735A22A3B93D6006D713C /* Frameworks */,
				1A1735A32A3B93D6006D713C /* Resources */,
			);
			buildRules = (
			);
			dependencies = (
				1A1735A72A3B93D6006D713C /* PBXTargetDependency */,
			);
			name = ForaLifeTests;
			productName = ForaLifeTests;
			productReference = 1A1735A52A3B93D6006D713C /* ForaLifeTests.xctest */;
			productType = "com.apple.product-type.bundle.unit-test";
		};
		1A1735AE2A3B93D7006D713C /* ForaLifeUITests */ = {
			isa = PBXNativeTarget;
			buildConfigurationList = 1A1735BF2A3B93D7006D713C /* Build configuration list for PBXNativeTarget "ForaLifeUITests" */;
			buildPhases = (
				1A1735AB2A3B93D7006D713C /* Sources */,
				1A1735AC2A3B93D7006D713C /* Frameworks */,
				1A1735AD2A3B93D7006D713C /* Resources */,
			);
			buildRules = (
			);
			dependencies = (
				1A1735B12A3B93D7006D713C /* PBXTargetDependency */,
			);
			name = ForaLifeUITests;
			productName = ForaLifeUITests;
			productReference = 1A1735AF2A3B93D7006D713C /* ForaLifeUITests.xctest */;
			productType = "com.apple.product-type.bundle.ui-testing";
		};
/* End PBXNativeTarget section */

/* Begin PBXProject section */
		1A17358D2A3B93D5006D713C /* Project object */ = {
			isa = PBXProject;
			attributes = {
				BuildIndependentTargetsInParallel = 1;
				LastSwiftUpdateCheck = 1410;
				LastUpgradeCheck = 1410;
				TargetAttributes = {
					1A1735942A3B93D5006D713C = {
						CreatedOnToolsVersion = 14.1;
					};
					1A1735A42A3B93D6006D713C = {
						CreatedOnToolsVersion = 14.1;
						TestTargetID = 1A1735942A3B93D5006D713C;
					};
					1A1735AE2A3B93D7006D713C = {
						CreatedOnToolsVersion = 14.1;
						TestTargetID = 1A1735942A3B93D5006D713C;
					};
				};
			};
			buildConfigurationList = 1A1735902A3B93D5006D713C /* Build configuration list for PBXProject "ForaLife" */;
			compatibilityVersion = "Xcode 14.0";
			developmentRegion = en;
			hasScannedForEncodings = 0;
			knownRegions = (
				en,
				Base,
			);
			mainGroup = 1A17358C2A3B93D5006D713C;
			packageReferences = (
				1A2B85642A421EF700CDBE9D /* XCRemoteSwiftPackageReference "Alamofire" */,
				1A7F20EE2A428DBE00E66342 /* XCRemoteSwiftPackageReference "SwiftKueryMySQL" */,
			);
			productRefGroup = 1A1735962A3B93D5006D713C /* Products */;
			projectDirPath = "";
			projectRoot = "";
			targets = (
				1A1735942A3B93D5006D713C /* ForaLife */,
				1A1735A42A3B93D6006D713C /* ForaLifeTests */,
				1A1735AE2A3B93D7006D713C /* ForaLifeUITests */,
			);
		};
/* End PBXProject section */

/* Begin PBXResourcesBuildPhase section */
		1A1735932A3B93D5006D713C /* Resources */ = {
			isa = PBXResourcesBuildPhase;
			buildActionMask = 2147483647;
			files = (
				1A1735A02A3B93D6006D713C /* Preview Assets.xcassets in Resources */,
				1A17359D2A3B93D6006D713C /* Assets.xcassets in Resources */,
			);
			runOnlyForDeploymentPostprocessing = 0;
		};
		1A1735A32A3B93D6006D713C /* Resources */ = {
			isa = PBXResourcesBuildPhase;
			buildActionMask = 2147483647;
			files = (
			);
			runOnlyForDeploymentPostprocessing = 0;
		};
		1A1735AD2A3B93D7006D713C /* Resources */ = {
			isa = PBXResourcesBuildPhase;
			buildActionMask = 2147483647;
			files = (
			);
			runOnlyForDeploymentPostprocessing = 0;
		};
/* End PBXResourcesBuildPhase section */

/* Begin PBXSourcesBuildPhase section */
		1A1735912A3B93D5006D713C /* Sources */ = {
			isa = PBXSourcesBuildPhase;
			buildActionMask = 2147483647;
			files = (
				1A2B85602A421D8000CDBE9D /* SearchLoctionManager.swift in Sources */,
				1A12759F2A3D126900187595 /* NearPlacesView.swift in Sources */,
				1A1275A42A3D1F9000187595 /* NearPlaceRow.swift in Sources */,
				1A1275B02A3D367300187595 /* ProfileView.swift in Sources */,
				1A1735C52A3B94AA006D713C /* InitialView.swift in Sources */,
				1A7F20ED2A428CEA00E66342 /* MySQLManager.swift in Sources */,
				1A1735C72A3B9505006D713C /* RegisterView.swift in Sources */,
				1A1275A22A3D1E2200187595 /* Place.swift in Sources */,
				1A2B85632A421DD100CDBE9D /* AddressLocation.swift in Sources */,
				1A7CCCB22A43E68B0003E2E2 /* DirectionsManager.swift in Sources */,
				1A2B855C2A421D3800CDBE9D /* CurrentLocationManager.swift in Sources */,
				1AA5B5552A3BC72D0043D93F /* MainMenuView.swift in Sources */,
				1A1275A62A3D258B00187595 /* Footer.swift in Sources */,
				1A1275AE2A3D33E900187595 /* PlaceAddressView.swift in Sources */,
				1AC6A6A12A4225370085E82E /* adressLocationManager.swift in Sources */,
				1A1275B22A3D369400187595 /* AboutTheAppView.swift in Sources */,
				1AA30FA82A44DC6A0027ED1B /* RegisterManager.swift in Sources */,
				1A2B855E2A421D5800CDBE9D /* NearPlacesManager.swift in Sources */,
				1A1735992A3B93D5006D713C /* ForaLifeApp.swift in Sources */,
			);
			runOnlyForDeploymentPostprocessing = 0;
		};
		1A1735A12A3B93D6006D713C /* Sources */ = {
			isa = PBXSourcesBuildPhase;
			buildActionMask = 2147483647;
			files = (
				1A1735AA2A3B93D7006D713C /* ForaLifeTests.swift in Sources */,
			);
			runOnlyForDeploymentPostprocessing = 0;
		};
		1A1735AB2A3B93D7006D713C /* Sources */ = {
			isa = PBXSourcesBuildPhase;
			buildActionMask = 2147483647;
			files = (
				1A1735B62A3B93D7006D713C /* ForaLifeUITestsLaunchTests.swift in Sources */,
				1A1735B42A3B93D7006D713C /* ForaLifeUITests.swift in Sources */,
			);
			runOnlyForDeploymentPostprocessing = 0;
		};
/* End PBXSourcesBuildPhase section */

/* Begin PBXTargetDependency section */
		1A1735A72A3B93D6006D713C /* PBXTargetDependency */ = {
			isa = PBXTargetDependency;
			target = 1A1735942A3B93D5006D713C /* ForaLife */;
			targetProxy = 1A1735A62A3B93D6006D713C /* PBXContainerItemProxy */;
		};
		1A1735B12A3B93D7006D713C /* PBXTargetDependency */ = {
			isa = PBXTargetDependency;
			target = 1A1735942A3B93D5006D713C /* ForaLife */;
			targetProxy = 1A1735B02A3B93D7006D713C /* PBXContainerItemProxy */;
		};
/* End PBXTargetDependency section */

/* Begin XCBuildConfiguration section */
		1A1735B72A3B93D7006D713C /* Debug */ = {
			isa = XCBuildConfiguration;
			buildSettings = {
				ALWAYS_SEARCH_USER_PATHS = NO;
				CLANG_ANALYZER_NONNULL = YES;
				CLANG_ANALYZER_NUMBER_OBJECT_CONVERSION = YES_AGGRESSIVE;
				CLANG_CXX_LANGUAGE_STANDARD = "gnu++20";
				CLANG_ENABLE_MODULES = YES;
				CLANG_ENABLE_OBJC_ARC = YES;
				CLANG_ENABLE_OBJC_WEAK = YES;
				CLANG_WARN_BLOCK_CAPTURE_AUTORELEASING = YES;
				CLANG_WARN_BOOL_CONVERSION = YES;
				CLANG_WARN_COMMA = YES;
				CLANG_WARN_CONSTANT_CONVERSION = YES;
				CLANG_WARN_DEPRECATED_OBJC_IMPLEMENTATIONS = YES;
				CLANG_WARN_DIRECT_OBJC_ISA_USAGE = YES_ERROR;
				CLANG_WARN_DOCUMENTATION_COMMENTS = YES;
				CLANG_WARN_EMPTY_BODY = YES;
				CLANG_WARN_ENUM_CONVERSION = YES;
				CLANG_WARN_INFINITE_RECURSION = YES;
				CLANG_WARN_INT_CONVERSION = YES;
				CLANG_WARN_NON_LITERAL_NULL_CONVERSION = YES;
				CLANG_WARN_OBJC_IMPLICIT_RETAIN_SELF = YES;
				CLANG_WARN_OBJC_LITERAL_CONVERSION = YES;
				CLANG_WARN_OBJC_ROOT_CLASS = YES_ERROR;
				CLANG_WARN_QUOTED_INCLUDE_IN_FRAMEWORK_HEADER = YES;
				CLANG_WARN_RANGE_LOOP_ANALYSIS = YES;
				CLANG_WARN_STRICT_PROTOTYPES = YES;
				CLANG_WARN_SUSPICIOUS_MOVE = YES;
				CLANG_WARN_UNGUARDED_AVAILABILITY = YES_AGGRESSIVE;
				CLANG_WARN_UNREACHABLE_CODE = YES;
				CLANG_WARN__DUPLICATE_METHOD_MATCH = YES;
				COPY_PHASE_STRIP = NO;
				DEBUG_INFORMATION_FORMAT = dwarf;
				ENABLE_STRICT_OBJC_MSGSEND = YES;
				ENABLE_TESTABILITY = YES;
				GCC_C_LANGUAGE_STANDARD = gnu11;
				GCC_DYNAMIC_NO_PIC = NO;
				GCC_NO_COMMON_BLOCKS = YES;
				GCC_OPTIMIZATION_LEVEL = 0;
				GCC_PREPROCESSOR_DEFINITIONS = (
					"DEBUG=1",
					"$(inherited)",
				);
				GCC_WARN_64_TO_32_BIT_CONVERSION = YES;
				GCC_WARN_ABOUT_RETURN_TYPE = YES_ERROR;
				GCC_WARN_UNDECLARED_SELECTOR = YES;
				GCC_WARN_UNINITIALIZED_AUTOS = YES_AGGRESSIVE;
				GCC_WARN_UNUSED_FUNCTION = YES;
				GCC_WARN_UNUSED_VARIABLE = YES;
				IPHONEOS_DEPLOYMENT_TARGET = 16.1;
				MTL_ENABLE_DEBUG_INFO = INCLUDE_SOURCE;
				MTL_FAST_MATH = YES;
				ONLY_ACTIVE_ARCH = YES;
				SDKROOT = iphoneos;
				SWIFT_ACTIVE_COMPILATION_CONDITIONS = DEBUG;
				SWIFT_OPTIMIZATION_LEVEL = "-Onone";
			};
			name = Debug;
		};
		1A1735B82A3B93D7006D713C /* Release */ = {
			isa = XCBuildConfiguration;
			buildSettings = {
				ALWAYS_SEARCH_USER_PATHS = NO;
				CLANG_ANALYZER_NONNULL = YES;
				CLANG_ANALYZER_NUMBER_OBJECT_CONVERSION = YES_AGGRESSIVE;
				CLANG_CXX_LANGUAGE_STANDARD = "gnu++20";
				CLANG_ENABLE_MODULES = YES;
				CLANG_ENABLE_OBJC_ARC = YES;
				CLANG_ENABLE_OBJC_WEAK = YES;
				CLANG_WARN_BLOCK_CAPTURE_AUTORELEASING = YES;
				CLANG_WARN_BOOL_CONVERSION = YES;
				CLANG_WARN_COMMA = YES;
				CLANG_WARN_CONSTANT_CONVERSION = YES;
				CLANG_WARN_DEPRECATED_OBJC_IMPLEMENTATIONS = YES;
				CLANG_WARN_DIRECT_OBJC_ISA_USAGE = YES_ERROR;
				CLANG_WARN_DOCUMENTATION_COMMENTS = YES;
				CLANG_WARN_EMPTY_BODY = YES;
				CLANG_WARN_ENUM_CONVERSION = YES;
				CLANG_WARN_INFINITE_RECURSION = YES;
				CLANG_WARN_INT_CONVERSION = YES;
				CLANG_WARN_NON_LITERAL_NULL_CONVERSION = YES;
				CLANG_WARN_OBJC_IMPLICIT_RETAIN_SELF = YES;
				CLANG_WARN_OBJC_LITERAL_CONVERSION = YES;
				CLANG_WARN_OBJC_ROOT_CLASS = YES_ERROR;
				CLANG_WARN_QUOTED_INCLUDE_IN_FRAMEWORK_HEADER = YES;
				CLANG_WARN_RANGE_LOOP_ANALYSIS = YES;
				CLANG_WARN_STRICT_PROTOTYPES = YES;
				CLANG_WARN_SUSPICIOUS_MOVE = YES;
				CLANG_WARN_UNGUARDED_AVAILABILITY = YES_AGGRESSIVE;
				CLANG_WARN_UNREACHABLE_CODE = YES;
				CLANG_WARN__DUPLICATE_METHOD_MATCH = YES;
				COPY_PHASE_STRIP = NO;
				DEBUG_INFORMATION_FORMAT = "dwarf-with-dsym";
				ENABLE_NS_ASSERTIONS = NO;
				ENABLE_STRICT_OBJC_MSGSEND = YES;
				GCC_C_LANGUAGE_STANDARD = gnu11;
				GCC_NO_COMMON_BLOCKS = YES;
				GCC_WARN_64_TO_32_BIT_CONVERSION = YES;
				GCC_WARN_ABOUT_RETURN_TYPE = YES_ERROR;
				GCC_WARN_UNDECLARED_SELECTOR = YES;
				GCC_WARN_UNINITIALIZED_AUTOS = YES_AGGRESSIVE;
				GCC_WARN_UNUSED_FUNCTION = YES;
				GCC_WARN_UNUSED_VARIABLE = YES;
				IPHONEOS_DEPLOYMENT_TARGET = 16.1;
				MTL_ENABLE_DEBUG_INFO = NO;
				MTL_FAST_MATH = YES;
				SDKROOT = iphoneos;
				SWIFT_COMPILATION_MODE = wholemodule;
				SWIFT_OPTIMIZATION_LEVEL = "-O";
				VALIDATE_PRODUCT = YES;
			};
			name = Release;
		};
		1A1735BA2A3B93D7006D713C /* Debug */ = {
			isa = XCBuildConfiguration;
			buildSettings = {
				ASSETCATALOG_COMPILER_APPICON_NAME = AppIcon;
				ASSETCATALOG_COMPILER_GLOBAL_ACCENT_COLOR_NAME = AccentColor;
				CODE_SIGN_STYLE = Automatic;
				CURRENT_PROJECT_VERSION = 1;
				DEVELOPMENT_ASSET_PATHS = "\"ForaLife/Preview Content\"";
				ENABLE_PREVIEWS = YES;
				GENERATE_INFOPLIST_FILE = YES;
				INFOPLIST_KEY_NSLocationWhenInUseUsageDescription = "Se usará para poder mostrarle las mejores recomendaciones cerca de su ubicación actual";
				INFOPLIST_KEY_UIApplicationSceneManifest_Generation = YES;
				INFOPLIST_KEY_UIApplicationSupportsIndirectInputEvents = YES;
				INFOPLIST_KEY_UILaunchScreen_Generation = YES;
				INFOPLIST_KEY_UISupportedInterfaceOrientations_iPad = "UIInterfaceOrientationPortrait UIInterfaceOrientationPortraitUpsideDown UIInterfaceOrientationLandscapeLeft UIInterfaceOrientationLandscapeRight";
				INFOPLIST_KEY_UISupportedInterfaceOrientations_iPhone = "UIInterfaceOrientationPortrait UIInterfaceOrientationLandscapeLeft UIInterfaceOrientationLandscapeRight";
				LD_RUNPATH_SEARCH_PATHS = (
					"$(inherited)",
					"@executable_path/Frameworks",
				);
				MARKETING_VERSION = 1.0;
				PRODUCT_BUNDLE_IDENTIFIER = com.lff.ForaLife;
				PRODUCT_NAME = "$(TARGET_NAME)";
				SWIFT_EMIT_LOC_STRINGS = YES;
				SWIFT_VERSION = 5.0;
				TARGETED_DEVICE_FAMILY = "1,2";
			};
			name = Debug;
		};
		1A1735BB2A3B93D7006D713C /* Release */ = {
			isa = XCBuildConfiguration;
			buildSettings = {
				ASSETCATALOG_COMPILER_APPICON_NAME = AppIcon;
				ASSETCATALOG_COMPILER_GLOBAL_ACCENT_COLOR_NAME = AccentColor;
				CODE_SIGN_STYLE = Automatic;
				CURRENT_PROJECT_VERSION = 1;
				DEVELOPMENT_ASSET_PATHS = "\"ForaLife/Preview Content\"";
				ENABLE_PREVIEWS = YES;
				GENERATE_INFOPLIST_FILE = YES;
				INFOPLIST_KEY_NSLocationWhenInUseUsageDescription = "Se usará para poder mostrarle las mejores recomendaciones cerca de su ubicación actual";
				INFOPLIST_KEY_UIApplicationSceneManifest_Generation = YES;
				INFOPLIST_KEY_UIApplicationSupportsIndirectInputEvents = YES;
				INFOPLIST_KEY_UILaunchScreen_Generation = YES;
				INFOPLIST_KEY_UISupportedInterfaceOrientations_iPad = "UIInterfaceOrientationPortrait UIInterfaceOrientationPortraitUpsideDown UIInterfaceOrientationLandscapeLeft UIInterfaceOrientationLandscapeRight";
				INFOPLIST_KEY_UISupportedInterfaceOrientations_iPhone = "UIInterfaceOrientationPortrait UIInterfaceOrientationLandscapeLeft UIInterfaceOrientationLandscapeRight";
				LD_RUNPATH_SEARCH_PATHS = (
					"$(inherited)",
					"@executable_path/Frameworks",
				);
				MARKETING_VERSION = 1.0;
				PRODUCT_BUNDLE_IDENTIFIER = com.lff.ForaLife;
				PRODUCT_NAME = "$(TARGET_NAME)";
				SWIFT_EMIT_LOC_STRINGS = YES;
				SWIFT_VERSION = 5.0;
				TARGETED_DEVICE_FAMILY = "1,2";
			};
			name = Release;
		};
		1A1735BD2A3B93D7006D713C /* Debug */ = {
			isa = XCBuildConfiguration;
			buildSettings = {
				ALWAYS_EMBED_SWIFT_STANDARD_LIBRARIES = YES;
				BUNDLE_LOADER = "$(TEST_HOST)";
				CODE_SIGN_STYLE = Automatic;
				CURRENT_PROJECT_VERSION = 1;
				GENERATE_INFOPLIST_FILE = YES;
				IPHONEOS_DEPLOYMENT_TARGET = 16.1;
				MARKETING_VERSION = 1.0;
				PRODUCT_BUNDLE_IDENTIFIER = com.lff.ForaLifeTests;
				PRODUCT_NAME = "$(TARGET_NAME)";
				SWIFT_EMIT_LOC_STRINGS = NO;
				SWIFT_VERSION = 5.0;
				TARGETED_DEVICE_FAMILY = "1,2";
				TEST_HOST = "$(BUILT_PRODUCTS_DIR)/ForaLife.app/$(BUNDLE_EXECUTABLE_FOLDER_PATH)/ForaLife";
			};
			name = Debug;
		};
		1A1735BE2A3B93D7006D713C /* Release */ = {
			isa = XCBuildConfiguration;
			buildSettings = {
				ALWAYS_EMBED_SWIFT_STANDARD_LIBRARIES = YES;
				BUNDLE_LOADER = "$(TEST_HOST)";
				CODE_SIGN_STYLE = Automatic;
				CURRENT_PROJECT_VERSION = 1;
				GENERATE_INFOPLIST_FILE = YES;
				IPHONEOS_DEPLOYMENT_TARGET = 16.1;
				MARKETING_VERSION = 1.0;
				PRODUCT_BUNDLE_IDENTIFIER = com.lff.ForaLifeTests;
				PRODUCT_NAME = "$(TARGET_NAME)";
				SWIFT_EMIT_LOC_STRINGS = NO;
				SWIFT_VERSION = 5.0;
				TARGETED_DEVICE_FAMILY = "1,2";
				TEST_HOST = "$(BUILT_PRODUCTS_DIR)/ForaLife.app/$(BUNDLE_EXECUTABLE_FOLDER_PATH)/ForaLife";
			};
			name = Release;
		};
		1A1735C02A3B93D7006D713C /* Debug */ = {
			isa = XCBuildConfiguration;
			buildSettings = {
				ALWAYS_EMBED_SWIFT_STANDARD_LIBRARIES = YES;
				CODE_SIGN_STYLE = Automatic;
				CURRENT_PROJECT_VERSION = 1;
				GENERATE_INFOPLIST_FILE = YES;
				MARKETING_VERSION = 1.0;
				PRODUCT_BUNDLE_IDENTIFIER = com.lff.ForaLifeUITests;
				PRODUCT_NAME = "$(TARGET_NAME)";
				SWIFT_EMIT_LOC_STRINGS = NO;
				SWIFT_VERSION = 5.0;
				TARGETED_DEVICE_FAMILY = "1,2";
				TEST_TARGET_NAME = ForaLife;
			};
			name = Debug;
		};
		1A1735C12A3B93D7006D713C /* Release */ = {
			isa = XCBuildConfiguration;
			buildSettings = {
				ALWAYS_EMBED_SWIFT_STANDARD_LIBRARIES = YES;
				CODE_SIGN_STYLE = Automatic;
				CURRENT_PROJECT_VERSION = 1;
				GENERATE_INFOPLIST_FILE = YES;
				MARKETING_VERSION = 1.0;
				PRODUCT_BUNDLE_IDENTIFIER = com.lff.ForaLifeUITests;
				PRODUCT_NAME = "$(TARGET_NAME)";
				SWIFT_EMIT_LOC_STRINGS = NO;
				SWIFT_VERSION = 5.0;
				TARGETED_DEVICE_FAMILY = "1,2";
				TEST_TARGET_NAME = ForaLife;
			};
			name = Release;
		};
/* End XCBuildConfiguration section */

/* Begin XCConfigurationList section */
		1A1735902A3B93D5006D713C /* Build configuration list for PBXProject "ForaLife" */ = {
			isa = XCConfigurationList;
			buildConfigurations = (
				1A1735B72A3B93D7006D713C /* Debug */,
				1A1735B82A3B93D7006D713C /* Release */,
			);
			defaultConfigurationIsVisible = 0;
			defaultConfigurationName = Release;
		};
		1A1735B92A3B93D7006D713C /* Build configuration list for PBXNativeTarget "ForaLife" */ = {
			isa = XCConfigurationList;
			buildConfigurations = (
				1A1735BA2A3B93D7006D713C /* Debug */,
				1A1735BB2A3B93D7006D713C /* Release */,
			);
			defaultConfigurationIsVisible = 0;
			defaultConfigurationName = Release;
		};
		1A1735BC2A3B93D7006D713C /* Build configuration list for PBXNativeTarget "ForaLifeTests" */ = {
			isa = XCConfigurationList;
			buildConfigurations = (
				1A1735BD2A3B93D7006D713C /* Debug */,
				1A1735BE2A3B93D7006D713C /* Release */,
			);
			defaultConfigurationIsVisible = 0;
			defaultConfigurationName = Release;
		};
		1A1735BF2A3B93D7006D713C /* Build configuration list for PBXNativeTarget "ForaLifeUITests" */ = {
			isa = XCConfigurationList;
			buildConfigurations = (
				1A1735C02A3B93D7006D713C /* Debug */,
				1A1735C12A3B93D7006D713C /* Release */,
			);
			defaultConfigurationIsVisible = 0;
			defaultConfigurationName = Release;
		};
/* End XCConfigurationList section */

/* Begin XCRemoteSwiftPackageReference section */
		1A2B85642A421EF700CDBE9D /* XCRemoteSwiftPackageReference "Alamofire" */ = {
			isa = XCRemoteSwiftPackageReference;
			repositoryURL = "https://github.com/Alamofire/Alamofire.git";
			requirement = {
				branch = master;
				kind = branch;
			};
		};
		1A7F20EE2A428DBE00E66342 /* XCRemoteSwiftPackageReference "SwiftKueryMySQL" */ = {
			isa = XCRemoteSwiftPackageReference;
			repositoryURL = "https://github.com/IBM-Swift/SwiftKueryMySQL";
			requirement = {
				branch = master;
				kind = branch;
			};
		};
/* End XCRemoteSwiftPackageReference section */

/* Begin XCSwiftPackageProductDependency section */
		1A2B85652A421EF700CDBE9D /* Alamofire */ = {
			isa = XCSwiftPackageProductDependency;
			package = 1A2B85642A421EF700CDBE9D /* XCRemoteSwiftPackageReference "Alamofire" */;
			productName = Alamofire;
		};
/* End XCSwiftPackageProductDependency section */
	};
	rootObject = 1A17358D2A3B93D5006D713C /* Project object */;
}
